// !$*UTF8*$!
{
	archiveVersion = 1;
	classes = {
	};
	objectVersion = 46;
	objects = {

/* Begin PBXBuildFile section */
		1C09D23918204FA600F2B474 /* Foundation.framework in Frameworks */ = {isa = PBXBuildFile; fileRef = 1C09D23818204FA600F2B474 /* Foundation.framework */; };
		1C09D23B18204FA600F2B474 /* CoreGraphics.framework in Frameworks */ = {isa = PBXBuildFile; fileRef = 1C09D23A18204FA600F2B474 /* CoreGraphics.framework */; };
		1C09D23D18204FA600F2B474 /* UIKit.framework in Frameworks */ = {isa = PBXBuildFile; fileRef = 1C09D23C18204FA600F2B474 /* UIKit.framework */; };
		1C09D23F18204FA600F2B474 /* SpriteKit.framework in Frameworks */ = {isa = PBXBuildFile; fileRef = 1C09D23E18204FA600F2B474 /* SpriteKit.framework */; };
		1C09D24518204FA600F2B474 /* InfoPlist.strings in Resources */ = {isa = PBXBuildFile; fileRef = 1C09D24318204FA600F2B474 /* InfoPlist.strings */; };
		1C09D24718204FA600F2B474 /* main.m in Sources */ = {isa = PBXBuildFile; fileRef = 1C09D24618204FA600F2B474 /* main.m */; };
		1C09D24B18204FA600F2B474 /* IDKSAppDelegate.m in Sources */ = {isa = PBXBuildFile; fileRef = 1C09D24A18204FA600F2B474 /* IDKSAppDelegate.m */; };
		1C09D24E18204FA600F2B474 /* Main.storyboard in Resources */ = {isa = PBXBuildFile; fileRef = 1C09D24C18204FA600F2B474 /* Main.storyboard */; };
		1C09D25118204FA600F2B474 /* IDKSViewController.m in Sources */ = {isa = PBXBuildFile; fileRef = 1C09D25018204FA600F2B474 /* IDKSViewController.m */; };
		1C09D25418204FA600F2B474 /* IDKSMyScene.m in Sources */ = {isa = PBXBuildFile; fileRef = 1C09D25318204FA600F2B474 /* IDKSMyScene.m */; };
		1C09D25618204FA600F2B474 /* Spaceship.png in Resources */ = {isa = PBXBuildFile; fileRef = 1C09D25518204FA600F2B474 /* Spaceship.png */; };
		1C09D25818204FA600F2B474 /* Images.xcassets in Resources */ = {isa = PBXBuildFile; fileRef = 1C09D25718204FA600F2B474 /* Images.xcassets */; };
		1C09D25F18204FA700F2B474 /* XCTest.framework in Frameworks */ = {isa = PBXBuildFile; fileRef = 1C09D25E18204FA700F2B474 /* XCTest.framework */; };
		1C09D26018204FA700F2B474 /* Foundation.framework in Frameworks */ = {isa = PBXBuildFile; fileRef = 1C09D23818204FA600F2B474 /* Foundation.framework */; };
		1C09D26118204FA700F2B474 /* UIKit.framework in Frameworks */ = {isa = PBXBuildFile; fileRef = 1C09D23C18204FA600F2B474 /* UIKit.framework */; };
		1C09D26918204FA700F2B474 /* InfoPlist.strings in Resources */ = {isa = PBXBuildFile; fileRef = 1C09D26718204FA700F2B474 /* InfoPlist.strings */; };
		1C09D26B18204FA700F2B474 /* SurvivalTests.m in Sources */ = {isa = PBXBuildFile; fileRef = 1C09D26A18204FA700F2B474 /* SurvivalTests.m */; };
		1C09D2791820505D00F2B474 /* background-music-aac.caf in Resources */ = {isa = PBXBuildFile; fileRef = 1C09D2761820505D00F2B474 /* background-music-aac.caf */; };
		1C09D27A1820505D00F2B474 /* background-music-aac.caf in Resources */ = {isa = PBXBuildFile; fileRef = 1C09D2761820505D00F2B474 /* background-music-aac.caf */; };
		1C09D27B1820505D00F2B474 /* pew-pew-lei.caf in Resources */ = {isa = PBXBuildFile; fileRef = 1C09D2771820505D00F2B474 /* pew-pew-lei.caf */; };
		1C09D27C1820505D00F2B474 /* pew-pew-lei.caf in Resources */ = {isa = PBXBuildFile; fileRef = 1C09D2771820505D00F2B474 /* pew-pew-lei.caf */; };
		1C09D27D1820505D00F2B474 /* sprites.atlas in Resources */ = {isa = PBXBuildFile; fileRef = 1C09D2781820505D00F2B474 /* sprites.atlas */; };
		1C09D27E1820505D00F2B474 /* sprites.atlas in Resources */ = {isa = PBXBuildFile; fileRef = 1C09D2781820505D00F2B474 /* sprites.atlas */; };
		1C09D28118205BA500F2B474 /* IDKSGameOverScene.m in Sources */ = {isa = PBXBuildFile; fileRef = 1C09D28018205BA500F2B474 /* IDKSGameOverScene.m */; };
		1C09D28218205BA500F2B474 /* IDKSGameOverScene.m in Sources */ = {isa = PBXBuildFile; fileRef = 1C09D28018205BA500F2B474 /* IDKSGameOverScene.m */; };
/* End PBXBuildFile section */

/* Begin PBXContainerItemProxy section */
		1C09D26218204FA700F2B474 /* PBXContainerItemProxy */ = {
			isa = PBXContainerItemProxy;
			containerPortal = 1C09D22D18204FA600F2B474 /* Project object */;
			proxyType = 1;
			remoteGlobalIDString = 1C09D23418204FA600F2B474;
			remoteInfo = Survival;
		};
/* End PBXContainerItemProxy section */

/* Begin PBXFileReference section */
		1C09D23518204FA600F2B474 /* Survival.app */ = {isa = PBXFileReference; explicitFileType = wrapper.application; includeInIndex = 0; path = Survival.app; sourceTree = BUILT_PRODUCTS_DIR; };
		1C09D23818204FA600F2B474 /* Foundation.framework */ = {isa = PBXFileReference; lastKnownFileType = wrapper.framework; name = Foundation.framework; path = System/Library/Frameworks/Foundation.framework; sourceTree = SDKROOT; };
		1C09D23A18204FA600F2B474 /* CoreGraphics.framework */ = {isa = PBXFileReference; lastKnownFileType = wrapper.framework; name = CoreGraphics.framework; path = System/Library/Frameworks/CoreGraphics.framework; sourceTree = SDKROOT; };
		1C09D23C18204FA600F2B474 /* UIKit.framework */ = {isa = PBXFileReference; lastKnownFileType = wrapper.framework; name = UIKit.framework; path = System/Library/Frameworks/UIKit.framework; sourceTree = SDKROOT; };
		1C09D23E18204FA600F2B474 /* SpriteKit.framework */ = {isa = PBXFileReference; lastKnownFileType = wrapper.framework; name = SpriteKit.framework; path = System/Library/Frameworks/SpriteKit.framework; sourceTree = SDKROOT; };
		1C09D24218204FA600F2B474 /* Survival-Info.plist */ = {isa = PBXFileReference; lastKnownFileType = text.plist.xml; path = "Survival-Info.plist"; sourceTree = "<group>"; };
		1C09D24418204FA600F2B474 /* en */ = {isa = PBXFileReference; lastKnownFileType = text.plist.strings; name = en; path = en.lproj/InfoPlist.strings; sourceTree = "<group>"; };
		1C09D24618204FA600F2B474 /* main.m */ = {isa = PBXFileReference; lastKnownFileType = sourcecode.c.objc; path = main.m; sourceTree = "<group>"; };
		1C09D24818204FA600F2B474 /* Survival-Prefix.pch */ = {isa = PBXFileReference; lastKnownFileType = sourcecode.c.h; path = "Survival-Prefix.pch"; sourceTree = "<group>"; };
		1C09D24918204FA600F2B474 /* IDKSAppDelegate.h */ = {isa = PBXFileReference; lastKnownFileType = sourcecode.c.h; path = IDKSAppDelegate.h; sourceTree = "<group>"; };
		1C09D24A18204FA600F2B474 /* IDKSAppDelegate.m */ = {isa = PBXFileReference; lastKnownFileType = sourcecode.c.objc; path = IDKSAppDelegate.m; sourceTree = "<group>"; };
		1C09D24D18204FA600F2B474 /* Base */ = {isa = PBXFileReference; lastKnownFileType = file.storyboard; name = Base; path = Base.lproj/Main.storyboard; sourceTree = "<group>"; };
		1C09D24F18204FA600F2B474 /* IDKSViewController.h */ = {isa = PBXFileReference; lastKnownFileType = sourcecode.c.h; path = IDKSViewController.h; sourceTree = "<group>"; };
		1C09D25018204FA600F2B474 /* IDKSViewController.m */ = {isa = PBXFileReference; lastKnownFileType = sourcecode.c.objc; path = IDKSViewController.m; sourceTree = "<group>"; };
		1C09D25218204FA600F2B474 /* IDKSMyScene.h */ = {isa = PBXFileReference; lastKnownFileType = sourcecode.c.h; path = IDKSMyScene.h; sourceTree = "<group>"; };
		1C09D25318204FA600F2B474 /* IDKSMyScene.m */ = {isa = PBXFileReference; lastKnownFileType = sourcecode.c.objc; path = IDKSMyScene.m; sourceTree = "<group>"; };
		1C09D25518204FA600F2B474 /* Spaceship.png */ = {isa = PBXFileReference; lastKnownFileType = image.png; path = Spaceship.png; sourceTree = "<group>"; };
		1C09D25718204FA600F2B474 /* Images.xcassets */ = {isa = PBXFileReference; lastKnownFileType = folder.assetcatalog; path = Images.xcassets; sourceTree = "<group>"; };
		1C09D25D18204FA700F2B474 /* SurvivalTests.xctest */ = {isa = PBXFileReference; explicitFileType = wrapper.cfbundle; includeInIndex = 0; path = SurvivalTests.xctest; sourceTree = BUILT_PRODUCTS_DIR; };
		1C09D25E18204FA700F2B474 /* XCTest.framework */ = {isa = PBXFileReference; lastKnownFileType = wrapper.framework; name = XCTest.framework; path = Library/Frameworks/XCTest.framework; sourceTree = DEVELOPER_DIR; };
		1C09D26618204FA700F2B474 /* SurvivalTests-Info.plist */ = {isa = PBXFileReference; lastKnownFileType = text.plist.xml; path = "SurvivalTests-Info.plist"; sourceTree = "<group>"; };
		1C09D26818204FA700F2B474 /* en */ = {isa = PBXFileReference; lastKnownFileType = text.plist.strings; name = en; path = en.lproj/InfoPlist.strings; sourceTree = "<group>"; };
		1C09D26A18204FA700F2B474 /* SurvivalTests.m */ = {isa = PBXFileReference; lastKnownFileType = sourcecode.c.objc; path = SurvivalTests.m; sourceTree = "<group>"; };
		1C09D2761820505D00F2B474 /* background-music-aac.caf */ = {isa = PBXFileReference; lastKnownFileType = file; path = "background-music-aac.caf"; sourceTree = "<group>"; };
		1C09D2771820505D00F2B474 /* pew-pew-lei.caf */ = {isa = PBXFileReference; lastKnownFileType = file; path = "pew-pew-lei.caf"; sourceTree = "<group>"; };
		1C09D2781820505D00F2B474 /* sprites.atlas */ = {isa = PBXFileReference; lastKnownFileType = folder.skatlas; path = sprites.atlas; sourceTree = "<group>"; };
		1C09D27F18205BA500F2B474 /* IDKSGameOverScene.h */ = {isa = PBXFileReference; fileEncoding = 4; lastKnownFileType = sourcecode.c.h; path = IDKSGameOverScene.h; sourceTree = "<group>"; };
		1C09D28018205BA500F2B474 /* IDKSGameOverScene.m */ = {isa = PBXFileReference; fileEncoding = 4; lastKnownFileType = sourcecode.c.objc; path = IDKSGameOverScene.m; sourceTree = "<group>"; };
/* End PBXFileReference section */

/* Begin PBXFrameworksBuildPhase section */
		1C09D23218204FA600F2B474 /* Frameworks */ = {
			isa = PBXFrameworksBuildPhase;
			buildActionMask = 2147483647;
			files = (
				1C09D23B18204FA600F2B474 /* CoreGraphics.framework in Frameworks */,
				1C09D23D18204FA600F2B474 /* UIKit.framework in Frameworks */,
				1C09D23F18204FA600F2B474 /* SpriteKit.framework in Frameworks */,
				1C09D23918204FA600F2B474 /* Foundation.framework in Frameworks */,
			);
			runOnlyForDeploymentPostprocessing = 0;
		};
		1C09D25A18204FA700F2B474 /* Frameworks */ = {
			isa = PBXFrameworksBuildPhase;
			buildActionMask = 2147483647;
			files = (
				1C09D25F18204FA700F2B474 /* XCTest.framework in Frameworks */,
				1C09D26118204FA700F2B474 /* UIKit.framework in Frameworks */,
				1C09D26018204FA700F2B474 /* Foundation.framework in Frameworks */,
			);
			runOnlyForDeploymentPostprocessing = 0;
		};
/* End PBXFrameworksBuildPhase section */

/* Begin PBXGroup section */
		1C09D22C18204FA600F2B474 = {
			isa = PBXGroup;
			children = (
				1C09D24018204FA600F2B474 /* Survival */,
				1C09D26418204FA700F2B474 /* SurvivalTests */,
				1C09D23718204FA600F2B474 /* Frameworks */,
				1C09D23618204FA600F2B474 /* Products */,
			);
			sourceTree = "<group>";
		};
		1C09D23618204FA600F2B474 /* Products */ = {
			isa = PBXGroup;
			children = (
				1C09D23518204FA600F2B474 /* Survival.app */,
				1C09D25D18204FA700F2B474 /* SurvivalTests.xctest */,
			);
			name = Products;
			sourceTree = "<group>";
		};
		1C09D23718204FA600F2B474 /* Frameworks */ = {
			isa = PBXGroup;
			children = (
				1C09D23818204FA600F2B474 /* Foundation.framework */,
				1C09D23A18204FA600F2B474 /* CoreGraphics.framework */,
				1C09D23C18204FA600F2B474 /* UIKit.framework */,
				1C09D23E18204FA600F2B474 /* SpriteKit.framework */,
				1C09D25E18204FA700F2B474 /* XCTest.framework */,
			);
			name = Frameworks;
			sourceTree = "<group>";
		};
		1C09D24018204FA600F2B474 /* Survival */ = {
			isa = PBXGroup;
			children = (
				1C09D24918204FA600F2B474 /* IDKSAppDelegate.h */,
				1C09D24A18204FA600F2B474 /* IDKSAppDelegate.m */,
				1C09D24C18204FA600F2B474 /* Main.storyboard */,
				1C09D24F18204FA600F2B474 /* IDKSViewController.h */,
				1C09D25018204FA600F2B474 /* IDKSViewController.m */,
				1C09D25218204FA600F2B474 /* IDKSMyScene.h */,
				1C09D25318204FA600F2B474 /* IDKSMyScene.m */,
				1C09D27F18205BA500F2B474 /* IDKSGameOverScene.h */,
				1C09D28018205BA500F2B474 /* IDKSGameOverScene.m */,
				1C09D25518204FA600F2B474 /* Spaceship.png */,
				1C09D25718204FA600F2B474 /* Images.xcassets */,
				1C09D2741820505D00F2B474 /* SurvivalResources */,
				1C09D24118204FA600F2B474 /* Supporting Files */,
			);
			path = Survival;
			sourceTree = "<group>";
		};
		1C09D24118204FA600F2B474 /* Supporting Files */ = {
			isa = PBXGroup;
			children = (
				1C09D24218204FA600F2B474 /* Survival-Info.plist */,
				1C09D24318204FA600F2B474 /* InfoPlist.strings */,
				1C09D24618204FA600F2B474 /* main.m */,
				1C09D24818204FA600F2B474 /* Survival-Prefix.pch */,
			);
			name = "Supporting Files";
			sourceTree = "<group>";
		};
		1C09D26418204FA700F2B474 /* SurvivalTests */ = {
			isa = PBXGroup;
			children = (
				1C09D26A18204FA700F2B474 /* SurvivalTests.m */,
				1C09D26518204FA700F2B474 /* Supporting Files */,
			);
			path = SurvivalTests;
			sourceTree = "<group>";
		};
		1C09D26518204FA700F2B474 /* Supporting Files */ = {
			isa = PBXGroup;
			children = (
				1C09D26618204FA700F2B474 /* SurvivalTests-Info.plist */,
				1C09D26718204FA700F2B474 /* InfoPlist.strings */,
			);
			name = "Supporting Files";
			sourceTree = "<group>";
		};
		1C09D2741820505D00F2B474 /* SurvivalResources */ = {
			isa = PBXGroup;
			children = (
				1C09D2751820505D00F2B474 /* Sounds */,
				1C09D2781820505D00F2B474 /* sprites.atlas */,
			);
			path = SurvivalResources;
			sourceTree = "<group>";
		};
		1C09D2751820505D00F2B474 /* Sounds */ = {
			isa = PBXGroup;
			children = (
				1C09D2761820505D00F2B474 /* background-music-aac.caf */,
				1C09D2771820505D00F2B474 /* pew-pew-lei.caf */,
			);
			path = Sounds;
			sourceTree = "<group>";
		};
/* End PBXGroup section */

/* Begin PBXNativeTarget section */
		1C09D23418204FA600F2B474 /* Survival */ = {
			isa = PBXNativeTarget;
			buildConfigurationList = 1C09D26E18204FA700F2B474 /* Build configuration list for PBXNativeTarget "Survival" */;
			buildPhases = (
				1C09D23118204FA600F2B474 /* Sources */,
				1C09D23218204FA600F2B474 /* Frameworks */,
				1C09D23318204FA600F2B474 /* Resources */,
			);
			buildRules = (
			);
			dependencies = (
			);
			name = Survival;
			productName = Survival;
			productReference = 1C09D23518204FA600F2B474 /* Survival.app */;
			productType = "com.apple.product-type.application";
		};
		1C09D25C18204FA700F2B474 /* SurvivalTests */ = {
			isa = PBXNativeTarget;
			buildConfigurationList = 1C09D27118204FA700F2B474 /* Build configuration list for PBXNativeTarget "SurvivalTests" */;
			buildPhases = (
				1C09D25918204FA700F2B474 /* Sources */,
				1C09D25A18204FA700F2B474 /* Frameworks */,
				1C09D25B18204FA700F2B474 /* Resources */,
			);
			buildRules = (
			);
			dependencies = (
				1C09D26318204FA700F2B474 /* PBXTargetDependency */,
			);
			name = SurvivalTests;
			productName = SurvivalTests;
			productReference = 1C09D25D18204FA700F2B474 /* SurvivalTests.xctest */;
			productType = "com.apple.product-type.bundle.unit-test";
		};
/* End PBXNativeTarget section */

/* Begin PBXProject section */
		1C09D22D18204FA600F2B474 /* Project object */ = {
			isa = PBXProject;
			attributes = {
				CLASSPREFIX = IDKS;
				LastUpgradeCheck = 0500;
				ORGANIZATIONNAME = IDKS;
				TargetAttributes = {
					1C09D25C18204FA700F2B474 = {
						TestTargetID = 1C09D23418204FA600F2B474;
					};
				};
			};
			buildConfigurationList = 1C09D23018204FA600F2B474 /* Build configuration list for PBXProject "Survival" */;
			compatibilityVersion = "Xcode 3.2";
			developmentRegion = English;
			hasScannedForEncodings = 0;
			knownRegions = (
				en,
				Base,
			);
			mainGroup = 1C09D22C18204FA600F2B474;
			productRefGroup = 1C09D23618204FA600F2B474 /* Products */;
			projectDirPath = "";
			projectRoot = "";
			targets = (
				1C09D23418204FA600F2B474 /* Survival */,
				1C09D25C18204FA700F2B474 /* SurvivalTests */,
			);
		};
/* End PBXProject section */

/* Begin PBXResourcesBuildPhase section */
		1C09D23318204FA600F2B474 /* Resources */ = {
			isa = PBXResourcesBuildPhase;
			buildActionMask = 2147483647;
			files = (
				1C09D27D1820505D00F2B474 /* sprites.atlas in Resources */,
				1C09D2791820505D00F2B474 /* background-music-aac.caf in Resources */,
				1C09D24518204FA600F2B474 /* InfoPlist.strings in Resources */,
				1C09D25818204FA600F2B474 /* Images.xcassets in Resources */,
				1C09D25618204FA600F2B474 /* Spaceship.png in Resources */,
				1C09D24E18204FA600F2B474 /* Main.storyboard in Resources */,
				1C09D27B1820505D00F2B474 /* pew-pew-lei.caf in Resources */,
			);
			runOnlyForDeploymentPostprocessing = 0;
		};
		1C09D25B18204FA700F2B474 /* Resources */ = {
			isa = PBXResourcesBuildPhase;
			buildActionMask = 2147483647;
			files = (
				1C09D27A1820505D00F2B474 /* background-music-aac.caf in Resources */,
				1C09D26918204FA700F2B474 /* InfoPlist.strings in Resources */,
				1C09D27E1820505D00F2B474 /* sprites.atlas in Resources */,
				1C09D27C1820505D00F2B474 /* pew-pew-lei.caf in Resources */,
			);
			runOnlyForDeploymentPostprocessing = 0;
		};
/* End PBXResourcesBuildPhase section */

/* Begin PBXSourcesBuildPhase section */
		1C09D23118204FA600F2B474 /* Sources */ = {
			isa = PBXSourcesBuildPhase;
			buildActionMask = 2147483647;
			files = (
				1C09D28118205BA500F2B474 /* IDKSGameOverScene.m in Sources */,
				1C09D24718204FA600F2B474 /* main.m in Sources */,
				1C09D25118204FA600F2B474 /* IDKSViewController.m in Sources */,
				1C09D24B18204FA600F2B474 /* IDKSAppDelegate.m in Sources */,
				1C09D25418204FA600F2B474 /* IDKSMyScene.m in Sources */,
			);
			runOnlyForDeploymentPostprocessing = 0;
		};
		1C09D25918204FA700F2B474 /* Sources */ = {
			isa = PBXSourcesBuildPhase;
			buildActionMask = 2147483647;
			files = (
				1C09D26B18204FA700F2B474 /* SurvivalTests.m in Sources */,
				1C09D28218205BA500F2B474 /* IDKSGameOverScene.m in Sources */,
			);
			runOnlyForDeploymentPostprocessing = 0;
		};
/* End PBXSourcesBuildPhase section */

/* Begin PBXTargetDependency section */
		1C09D26318204FA700F2B474 /* PBXTargetDependency */ = {
			isa = PBXTargetDependency;
			target = 1C09D23418204FA600F2B474 /* Survival */;
			targetProxy = 1C09D26218204FA700F2B474 /* PBXContainerItemProxy */;
		};
/* End PBXTargetDependency section */

/* Begin PBXVariantGroup section */
		1C09D24318204FA600F2B474 /* InfoPlist.strings */ = {
			isa = PBXVariantGroup;
			children = (
				1C09D24418204FA600F2B474 /* en */,
			);
			name = InfoPlist.strings;
			sourceTree = "<group>";
		};
		1C09D24C18204FA600F2B474 /* Main.storyboard */ = {
			isa = PBXVariantGroup;
			children = (
				1C09D24D18204FA600F2B474 /* Base */,
			);
			name = Main.storyboard;
			sourceTree = "<group>";
		};
		1C09D26718204FA700F2B474 /* InfoPlist.strings */ = {
			isa = PBXVariantGroup;
			children = (
				1C09D26818204FA700F2B474 /* en */,
			);
			name = InfoPlist.strings;
			sourceTree = "<group>";
		};
/* End PBXVariantGroup section */

/* Begin XCBuildConfiguration section */
		1C09D26C18204FA700F2B474 /* Debug */ = {
			isa = XCBuildConfiguration;
			buildSettings = {
				ALWAYS_SEARCH_USER_PATHS = NO;
				ARCHS = "$(ARCHS_STANDARD_INCLUDING_64_BIT)";
				CLANG_CXX_LANGUAGE_STANDARD = "gnu++0x";
				CLANG_CXX_LIBRARY = "libc++";
				CLANG_ENABLE_MODULES = YES;
				CLANG_ENABLE_OBJC_ARC = YES;
				CLANG_WARN_BOOL_CONVERSION = YES;
				CLANG_WARN_CONSTANT_CONVERSION = YES;
				CLANG_WARN_DIRECT_OBJC_ISA_USAGE = YES_ERROR;
				CLANG_WARN_EMPTY_BODY = YES;
				CLANG_WARN_ENUM_CONVERSION = YES;
				CLANG_WARN_INT_CONVERSION = YES;
				CLANG_WARN_OBJC_ROOT_CLASS = YES_ERROR;
				CLANG_WARN__DUPLICATE_METHOD_MATCH = YES;
				"CODE_SIGN_IDENTITY[sdk=iphoneos*]" = "iPhone Developer";
				COPY_PHASE_STRIP = NO;
				GCC_C_LANGUAGE_STANDARD = gnu99;
				GCC_DYNAMIC_NO_PIC = NO;
				GCC_OPTIMIZATION_LEVEL = 0;
				GCC_PREPROCESSOR_DEFINITIONS = (
					"DEBUG=1",
					"$(inherited)",
				);
				GCC_SYMBOLS_PRIVATE_EXTERN = NO;
				GCC_WARN_64_TO_32_BIT_CONVERSION = YES;
				GCC_WARN_ABOUT_RETURN_TYPE = YES_ERROR;
				GCC_WARN_UNDECLARED_SELECTOR = YES;
				GCC_WARN_UNINITIALIZED_AUTOS = YES;
				GCC_WARN_UNUSED_FUNCTION = YES;
				GCC_WARN_UNUSED_VARIABLE = YES;
				IPHONEOS_DEPLOYMENT_TARGET = 7.0;
				ONLY_ACTIVE_ARCH = YES;
				SDKROOT = iphoneos;
				TARGETED_DEVICE_FAMILY = 2;
			};
			name = Debug;
		};
		1C09D26D18204FA700F2B474 /* Release */ = {
			isa = XCBuildConfiguration;
			buildSettings = {
				ALWAYS_SEARCH_USER_PATHS = NO;
				ARCHS = "$(ARCHS_STANDARD_INCLUDING_64_BIT)";
				CLANG_CXX_LANGUAGE_STANDARD = "gnu++0x";
				CLANG_CXX_LIBRARY = "libc++";
				CLANG_ENABLE_MODULES = YES;
				CLANG_ENABLE_OBJC_ARC = YES;
				CLANG_WARN_BOOL_CONVERSION = YES;
				CLANG_WARN_CONSTANT_CONVERSION = YES;
				CLANG_WARN_DIRECT_OBJC_ISA_USAGE = YES_ERROR;
				CLANG_WARN_EMPTY_BODY = YES;
				CLANG_WARN_ENUM_CONVERSION = YES;
				CLANG_WARN_INT_CONVERSION = YES;
				CLANG_WARN_OBJC_ROOT_CLASS = YES_ERROR;
				CLANG_WARN__DUPLICATE_METHOD_MATCH = YES;
				"CODE_SIGN_IDENTITY[sdk=iphoneos*]" = "iPhone Developer";
				COPY_PHASE_STRIP = YES;
				ENABLE_NS_ASSERTIONS = NO;
				GCC_C_LANGUAGE_STANDARD = gnu99;
				GCC_WARN_64_TO_32_BIT_CONVERSION = YES;
				GCC_WARN_ABOUT_RETURN_TYPE = YES_ERROR;
				GCC_WARN_UNDECLARED_SELECTOR = YES;
				GCC_WARN_UNINITIALIZED_AUTOS = YES;
				GCC_WARN_UNUSED_FUNCTION = YES;
				GCC_WARN_UNUSED_VARIABLE = YES;
				IPHONEOS_DEPLOYMENT_TARGET = 7.0;
				SDKROOT = iphoneos;
				TARGETED_DEVICE_FAMILY = 2;
				VALIDATE_PRODUCT = YES;
			};
			name = Release;
		};
		1C09D26F18204FA700F2B474 /* Debug */ = {
			isa = XCBuildConfiguration;
			buildSettings = {
				ASSETCATALOG_COMPILER_APPICON_NAME = AppIcon;
				ASSETCATALOG_COMPILER_LAUNCHIMAGE_NAME = LaunchImage;
				GCC_PRECOMPILE_PREFIX_HEADER = YES;
				GCC_PREFIX_HEADER = "Survival/Survival-Prefix.pch";
				INFOPLIST_FILE = "Survival/Survival-Info.plist";
				PRODUCT_NAME = "$(TARGET_NAME)";
				SPRITEKIT_TEXTURE_ATLAS_OUTPUT = YES;
				WRAPPER_EXTENSION = app;
			};
			name = Debug;
		};
		1C09D27018204FA700F2B474 /* Release */ = {
			isa = XCBuildConfiguration;
			buildSettings = {
				ASSETCATALOG_COMPILER_APPICON_NAME = AppIcon;
				ASSETCATALOG_COMPILER_LAUNCHIMAGE_NAME = LaunchImage;
				GCC_PRECOMPILE_PREFIX_HEADER = YES;
				GCC_PREFIX_HEADER = "Survival/Survival-Prefix.pch";
				INFOPLIST_FILE = "Survival/Survival-Info.plist";
				PRODUCT_NAME = "$(TARGET_NAME)";
				SPRITEKIT_TEXTURE_ATLAS_OUTPUT = YES;
				WRAPPER_EXTENSION = app;
			};
			name = Release;
		};
		1C09D27218204FA700F2B474 /* Debug */ = {
			isa = XCBuildConfiguration;
			buildSettings = {
				ARCHS = "$(ARCHS_STANDARD_INCLUDING_64_BIT)";
				BUNDLE_LOADER = "$(BUILT_PRODUCTS_DIR)/Survival.app/Survival";
				FRAMEWORK_SEARCH_PATHS = (
					"$(SDKROOT)/Developer/Library/Frameworks",
					"$(inherited)",
					"$(DEVELOPER_FRAMEWORKS_DIR)",
				);
				GCC_PRECOMPILE_PREFIX_HEADER = YES;
				GCC_PREFIX_HEADER = "Survival/Survival-Prefix.pch";
				GCC_PREPROCESSOR_DEFINITIONS = (
					"DEBUG=1",
					"$(inherited)",
				);
				INFOPLIST_FILE = "SurvivalTests/SurvivalTests-Info.plist";
				PRODUCT_NAME = "$(TARGET_NAME)";
				TEST_HOST = "$(BUNDLE_LOADER)";
				WRAPPER_EXTENSION = xctest;
			};
			name = Debug;
		};
		1C09D27318204FA700F2B474 /* Release */ = {
			isa = XCBuildConfiguration;
			buildSettings = {
				ARCHS = "$(ARCHS_STANDARD_INCLUDING_64_BIT)";
				BUNDLE_LOADER = "$(BUILT_PRODUCTS_DIR)/Survival.app/Survival";
				FRAMEWORK_SEARCH_PATHS = (
					"$(SDKROOT)/Developer/Library/Frameworks",
					"$(inherited)",
					"$(DEVELOPER_FRAMEWORKS_DIR)",
				);
				GCC_PRECOMPILE_PREFIX_HEADER = YES;
				GCC_PREFIX_HEADER = "Survival/Survival-Prefix.pch";
				INFOPLIST_FILE = "SurvivalTests/SurvivalTests-Info.plist";
				PRODUCT_NAME = "$(TARGET_NAME)";
				TEST_HOST = "$(BUNDLE_LOADER)";
				WRAPPER_EXTENSION = xctest;
			};
			name = Release;
		};
/* End XCBuildConfiguration section */

/* Begin XCConfigurationList section */
		1C09D23018204FA600F2B474 /* Build configuration list for PBXProject "Survival" */ = {
			isa = XCConfigurationList;
			buildConfigurations = (
				1C09D26C18204FA700F2B474 /* Debug */,
				1C09D26D18204FA700F2B474 /* Release */,
			);
			defaultConfigurationIsVisible = 0;
			defaultConfigurationName = Release;
		};
		1C09D26E18204FA700F2B474 /* Build configuration list for PBXNativeTarget "Survival" */ = {
			isa = XCConfigurationList;
			buildConfigurations = (
				1C09D26F18204FA700F2B474 /* Debug */,
				1C09D27018204FA700F2B474 /* Release */,
			);
			defaultConfigurationIsVisible = 0;
		};
		1C09D27118204FA700F2B474 /* Build configuration list for PBXNativeTarget "SurvivalTests" */ = {
			isa = XCConfigurationList;
			buildConfigurations = (
				1C09D27218204FA700F2B474 /* Debug */,
				1C09D27318204FA700F2B474 /* Release */,
			);
			defaultConfigurationIsVisible = 0;
		};
/* End XCConfigurationList section */
	};
	rootObject = 1C09D22D18204FA600F2B474 /* Project object */;
}
